
Microsoft Visual Studio Solution File, Format Version 12.00
# Visual Studio 15
VisualStudioVersion = 15.0.27004.2002
MinimumVisualStudioVersion = 10.0.40219.1
Project("{FAE04EC0-301F-11D3-BF4B-00C04F79EFBC}") = "Natale", "Natale\Natale.csproj", "{5E78C665-B5A4-427C-A11D-FE74D9667402}"
EndProject
Project("{FAE04EC0-301F-11D3-BF4B-00C04F79EFBC}") = "Natale.Tests", "Natale.Tests\Natale.Tests.csproj", "{1BCB7B89-A3F9-455B-B947-B99AA2279563}"
EndProject
Project("{FAE04EC0-301F-11D3-BF4B-00C04F79EFBC}") = "Natale.Classes", "Natale.Classes\Natale.Classes.csproj", "{7B092032-64CD-4EA6-AA3D-DAC2CB6FB101}"
EndProject
Global
	GlobalSection(SolutionConfigurationPlatforms) = preSolution
		Debug|Any CPU = Debug|Any CPU
		Release|Any CPU = Release|Any CPU
	EndGlobalSection
	GlobalSection(ProjectConfigurationPlatforms) = postSolution
		{5E78C665-B5A4-427C-A11D-FE74D9667402}.Debug|Any CPU.ActiveCfg = Debug|Any CPU
		{5E78C665-B5A4-427C-A11D-FE74D9667402}.Debug|Any CPU.Build.0 = Debug|Any CPU
		{5E78C665-B5A4-427C-A11D-FE74D9667402}.Release|Any CPU.ActiveCfg = Release|Any CPU
		{5E78C665-B5A4-427C-A11D-FE74D9667402}.Release|Any CPU.Build.0 = Release|Any CPU
		{1BCB7B89-A3F9-455B-B947-B99AA2279563}.Debug|Any CPU.ActiveCfg = Debug|Any CPU
		{1BCB7B89-A3F9-455B-B947-B99AA2279563}.Debug|Any CPU.Build.0 = Debug|Any CPU
		{1BCB7B89-A3F9-455B-B947-B99AA2279563}.Release|Any CPU.ActiveCfg = Release|Any CPU
		{1BCB7B89-A3F9-455B-B947-B99AA2279563}.Release|Any CPU.Build.0 = Release|Any CPU
		{7B092032-64CD-4EA6-AA3D-DAC2CB6FB101}.Debug|Any CPU.ActiveCfg = Debug|Any CPU
		{7B092032-64CD-4EA6-AA3D-DAC2CB6FB101}.Debug|Any CPU.Build.0 = Debug|Any CPU
		{7B092032-64CD-4EA6-AA3D-DAC2CB6FB101}.Release|Any CPU.ActiveCfg = Release|Any CPU
		{7B092032-64CD-4EA6-AA3D-DAC2CB6FB101}.Release|Any CPU.Build.0 = Release|Any CPU
	EndGlobalSection
	GlobalSection(SolutionProperties) = preSolution
		HideSolutionNode = FALSE
	EndGlobalSection
	GlobalSection(ExtensibilityGlobals) = postSolution
		SolutionGuid = {9CBE6958-5E2D-412B-BAB8-8E187DF12816}
	EndGlobalSection
EndGlobal
